
Microsoft Visual Studio Solution File, Format Version 12.00
# Visual Studio Version 17
VisualStudioVersion = 17.10.35013.160
MinimumVisualStudioVersion = 10.0.40219.1
Project("{FAE04EC0-301F-11D3-BF4B-00C04F79EFBC}") = "AngularProject.Server", "AngularProject.Server\AngularProject.Server.csproj", "{6BDF84FC-5D96-4367-96C9-FE744D1BA0D8}"
EndProject
Project("{54A90642-561A-4BB1-A94E-469ADEE60C69}") = "angularproject.client", "angularproject.client\angularproject.client.esproj", "{8239AEDA-05EC-48BB-BDE3-A4E3278D215E}"
EndProject
Global
	GlobalSection(SolutionConfigurationPlatforms) = preSolution
		Debug|Any CPU = Debug|Any CPU
		Release|Any CPU = Release|Any CPU
	EndGlobalSection
	GlobalSection(ProjectConfigurationPlatforms) = postSolution
		{6BDF84FC-5D96-4367-96C9-FE744D1BA0D8}.Debug|Any CPU.ActiveCfg = Debug|Any CPU
		{6BDF84FC-5D96-4367-96C9-FE744D1BA0D8}.Debug|Any CPU.Build.0 = Debug|Any CPU
		{6BDF84FC-5D96-4367-96C9-FE744D1BA0D8}.Release|Any CPU.ActiveCfg = Release|Any CPU
		{6BDF84FC-5D96-4367-96C9-FE744D1BA0D8}.Release|Any CPU.Build.0 = Release|Any CPU
		{8239AEDA-05EC-48BB-BDE3-A4E3278D215E}.Debug|Any CPU.ActiveCfg = Debug|Any CPU
		{8239AEDA-05EC-48BB-BDE3-A4E3278D215E}.Debug|Any CPU.Build.0 = Debug|Any CPU
		{8239AEDA-05EC-48BB-BDE3-A4E3278D215E}.Debug|Any CPU.Deploy.0 = Debug|Any CPU
		{8239AEDA-05EC-48BB-BDE3-A4E3278D215E}.Release|Any CPU.ActiveCfg = Release|Any CPU
		{8239AEDA-05EC-48BB-BDE3-A4E3278D215E}.Release|Any CPU.Build.0 = Release|Any CPU
		{8239AEDA-05EC-48BB-BDE3-A4E3278D215E}.Release|Any CPU.Deploy.0 = Release|Any CPU
	EndGlobalSection
	GlobalSection(SolutionProperties) = preSolution
		HideSolutionNode = FALSE
	EndGlobalSection
	GlobalSection(ExtensibilityGlobals) = postSolution
		SolutionGuid = {01ACEB37-276E-41EE-B14A-391B011167B4}
	EndGlobalSection
EndGlobal
